
Microsoft Visual Studio Solution File, Format Version 12.00
# Visual Studio 2012
Project("{FAE04EC0-301F-11D3-BF4B-00C04F79EFBC}") = "XboxOne.WP8", "XboxOne.WP8\XboxOne.WP8.csproj", "{5D99A928-5D45-4744-823D-CE84BD5243DA}"
EndProject
Project("{FAE04EC0-301F-11D3-BF4B-00C04F79EFBC}") = "XboxOne.PeriodicTask", "XboxOne.PeriodicTask\XboxOne.PeriodicTask.csproj", "{D461EED4-32BE-4B33-9A4E-993334A043BD}"
EndProject
Project("{FAE04EC0-301F-11D3-BF4B-00C04F79EFBC}") = "XboxOne.Core", "XboxOne.Core\XboxOne.Core.csproj", "{EBD23A3B-E08F-41E5-B4F8-5111AC87AF0F}"
EndProject
Global
	GlobalSection(SolutionConfigurationPlatforms) = preSolution
		Debug|Any CPU = Debug|Any CPU
		Debug|ARM = Debug|ARM
		Debug|x86 = Debug|x86
		Release|Any CPU = Release|Any CPU
		Release|ARM = Release|ARM
		Release|x86 = Release|x86
	EndGlobalSection
	GlobalSection(ProjectConfigurationPlatforms) = postSolution
		{5D99A928-5D45-4744-823D-CE84BD5243DA}.Debug|Any CPU.ActiveCfg = Debug|Any CPU
		{5D99A928-5D45-4744-823D-CE84BD5243DA}.Debug|Any CPU.Build.0 = Debug|Any CPU
		{5D99A928-5D45-4744-823D-CE84BD5243DA}.Debug|Any CPU.Deploy.0 = Debug|Any CPU
		{5D99A928-5D45-4744-823D-CE84BD5243DA}.Debug|ARM.ActiveCfg = Debug|Any CPU
		{5D99A928-5D45-4744-823D-CE84BD5243DA}.Debug|ARM.Build.0 = Debug|Any CPU
		{5D99A928-5D45-4744-823D-CE84BD5243DA}.Debug|ARM.Deploy.0 = Debug|Any CPU
		{5D99A928-5D45-4744-823D-CE84BD5243DA}.Debug|x86.ActiveCfg = Debug|x86
		{5D99A928-5D45-4744-823D-CE84BD5243DA}.Debug|x86.Build.0 = Debug|x86
		{5D99A928-5D45-4744-823D-CE84BD5243DA}.Debug|x86.Deploy.0 = Debug|x86
		{5D99A928-5D45-4744-823D-CE84BD5243DA}.Release|Any CPU.ActiveCfg = Release|Any CPU
		{5D99A928-5D45-4744-823D-CE84BD5243DA}.Release|Any CPU.Build.0 = Release|Any CPU
		{5D99A928-5D45-4744-823D-CE84BD5243DA}.Release|Any CPU.Deploy.0 = Release|Any CPU
		{5D99A928-5D45-4744-823D-CE84BD5243DA}.Release|ARM.ActiveCfg = Release|ARM
		{5D99A928-5D45-4744-823D-CE84BD5243DA}.Release|ARM.Build.0 = Release|ARM
		{5D99A928-5D45-4744-823D-CE84BD5243DA}.Release|ARM.Deploy.0 = Release|ARM
		{5D99A928-5D45-4744-823D-CE84BD5243DA}.Release|x86.ActiveCfg = Release|x86
		{5D99A928-5D45-4744-823D-CE84BD5243DA}.Release|x86.Build.0 = Release|x86
		{5D99A928-5D45-4744-823D-CE84BD5243DA}.Release|x86.Deploy.0 = Release|x86
		{D461EED4-32BE-4B33-9A4E-993334A043BD}.Debug|Any CPU.ActiveCfg = Debug|Any CPU
		{D461EED4-32BE-4B33-9A4E-993334A043BD}.Debug|Any CPU.Build.0 = Debug|Any CPU
		{D461EED4-32BE-4B33-9A4E-993334A043BD}.Debug|ARM.ActiveCfg = Debug|ARM
		{D461EED4-32BE-4B33-9A4E-993334A043BD}.Debug|ARM.Build.0 = Debug|ARM
		{D461EED4-32BE-4B33-9A4E-993334A043BD}.Debug|x86.ActiveCfg = Debug|x86
		{D461EED4-32BE-4B33-9A4E-993334A043BD}.Debug|x86.Build.0 = Debug|x86
		{D461EED4-32BE-4B33-9A4E-993334A043BD}.Release|Any CPU.ActiveCfg = Release|Any CPU
		{D461EED4-32BE-4B33-9A4E-993334A043BD}.Release|Any CPU.Build.0 = Release|Any CPU
		{D461EED4-32BE-4B33-9A4E-993334A043BD}.Release|ARM.ActiveCfg = Release|ARM
		{D461EED4-32BE-4B33-9A4E-993334A043BD}.Release|ARM.Build.0 = Release|ARM
		{D461EED4-32BE-4B33-9A4E-993334A043BD}.Release|x86.ActiveCfg = Release|x86
		{D461EED4-32BE-4B33-9A4E-993334A043BD}.Release|x86.Build.0 = Release|x86
		{EBD23A3B-E08F-41E5-B4F8-5111AC87AF0F}.Debug|Any CPU.ActiveCfg = Debug|Any CPU
		{EBD23A3B-E08F-41E5-B4F8-5111AC87AF0F}.Debug|Any CPU.Build.0 = Debug|Any CPU
		{EBD23A3B-E08F-41E5-B4F8-5111AC87AF0F}.Debug|ARM.ActiveCfg = Debug|Any CPU
		{EBD23A3B-E08F-41E5-B4F8-5111AC87AF0F}.Debug|x86.ActiveCfg = Debug|Any CPU
		{EBD23A3B-E08F-41E5-B4F8-5111AC87AF0F}.Release|Any CPU.ActiveCfg = Release|Any CPU
		{EBD23A3B-E08F-41E5-B4F8-5111AC87AF0F}.Release|Any CPU.Build.0 = Release|Any CPU
		{EBD23A3B-E08F-41E5-B4F8-5111AC87AF0F}.Release|ARM.ActiveCfg = Release|Any CPU
		{EBD23A3B-E08F-41E5-B4F8-5111AC87AF0F}.Release|x86.ActiveCfg = Release|Any CPU
	EndGlobalSection
	GlobalSection(SolutionProperties) = preSolution
		HideSolutionNode = FALSE
	EndGlobalSection
EndGlobal
